
Microsoft Visual Studio Solution File, Format Version 12.00
# Visual Studio 2013
VisualStudioVersion = 12.0.30324.0
MinimumVisualStudioVersion = 10.0.40219.1
Project("{FAE04EC0-301F-11D3-BF4B-00C04F79EFBC}") = "BI2014.Service", "BI2014.Service\BI2014.Service.csproj", "{5D73D745-3B1A-475B-8194-FC1C9161840B}"
EndProject
Project("{2150E333-8FDC-42A3-9474-1A3956D46DE8}") = "PublishScripts", "PublishScripts", "{269B3994-31C2-440D-A3F4-07AEC8314C30}"
	ProjectSection(SolutionItems) = preProject
		PublishScripts\AzureWebAppPublishModule.psm1 = PublishScripts\AzureWebAppPublishModule.psm1
		PublishScripts\Publish-WebApplication.ps1 = PublishScripts\Publish-WebApplication.ps1
	EndProjectSection
EndProject
Project("{2150E333-8FDC-42A3-9474-1A3956D46DE8}") = "Configurations", "Configurations", "{B5E1711E-802E-4B10-9071-29BF0486CF05}"
	ProjectSection(SolutionItems) = preProject
		PublishScripts\Configurations\BI2014Service-WAWS-dev.json = PublishScripts\Configurations\BI2014Service-WAWS-dev.json
	EndProjectSection
EndProject
Project("{FAE04EC0-301F-11D3-BF4B-00C04F79EFBC}") = "BI2014.Scraping", "BI2014.Scrapping\BI2014.Scraping.csproj", "{483C0BBD-9C71-42A4-8E3E-2B8AC3A6F39E}"
EndProject
Project("{FAE04EC0-301F-11D3-BF4B-00C04F79EFBC}") = "BI2014.Console", "BI2014.Console\BI2014.Console.csproj", "{85951C57-0461-4298-99B9-0073492DC821}"
EndProject
Project("{FAE04EC0-301F-11D3-BF4B-00C04F79EFBC}") = "BI2014.Operational", "BI2014.Operational\BI2014.Operational.csproj", "{1543D379-016C-4F77-A670-68A5CA042DA4}"
EndProject
Global
	GlobalSection(SolutionConfigurationPlatforms) = preSolution
		Debug|Any CPU = Debug|Any CPU
		Release|Any CPU = Release|Any CPU
	EndGlobalSection
	GlobalSection(ProjectConfigurationPlatforms) = postSolution
		{5D73D745-3B1A-475B-8194-FC1C9161840B}.Debug|Any CPU.ActiveCfg = Debug|Any CPU
		{5D73D745-3B1A-475B-8194-FC1C9161840B}.Debug|Any CPU.Build.0 = Debug|Any CPU
		{5D73D745-3B1A-475B-8194-FC1C9161840B}.Release|Any CPU.ActiveCfg = Release|Any CPU
		{5D73D745-3B1A-475B-8194-FC1C9161840B}.Release|Any CPU.Build.0 = Release|Any CPU
		{483C0BBD-9C71-42A4-8E3E-2B8AC3A6F39E}.Debug|Any CPU.ActiveCfg = Debug|Any CPU
		{483C0BBD-9C71-42A4-8E3E-2B8AC3A6F39E}.Debug|Any CPU.Build.0 = Debug|Any CPU
		{483C0BBD-9C71-42A4-8E3E-2B8AC3A6F39E}.Release|Any CPU.ActiveCfg = Release|Any CPU
		{483C0BBD-9C71-42A4-8E3E-2B8AC3A6F39E}.Release|Any CPU.Build.0 = Release|Any CPU
		{85951C57-0461-4298-99B9-0073492DC821}.Debug|Any CPU.ActiveCfg = Debug|Any CPU
		{85951C57-0461-4298-99B9-0073492DC821}.Debug|Any CPU.Build.0 = Debug|Any CPU
		{85951C57-0461-4298-99B9-0073492DC821}.Release|Any CPU.ActiveCfg = Release|Any CPU
		{85951C57-0461-4298-99B9-0073492DC821}.Release|Any CPU.Build.0 = Release|Any CPU
		{1543D379-016C-4F77-A670-68A5CA042DA4}.Debug|Any CPU.ActiveCfg = Debug|Any CPU
		{1543D379-016C-4F77-A670-68A5CA042DA4}.Debug|Any CPU.Build.0 = Debug|Any CPU
		{1543D379-016C-4F77-A670-68A5CA042DA4}.Release|Any CPU.ActiveCfg = Release|Any CPU
		{1543D379-016C-4F77-A670-68A5CA042DA4}.Release|Any CPU.Build.0 = Release|Any CPU
	EndGlobalSection
	GlobalSection(SolutionProperties) = preSolution
		HideSolutionNode = FALSE
	EndGlobalSection
	GlobalSection(NestedProjects) = preSolution
		{B5E1711E-802E-4B10-9071-29BF0486CF05} = {269B3994-31C2-440D-A3F4-07AEC8314C30}
	EndGlobalSection
EndGlobal
